// !$*UTF8*$!
{
	archiveVersion = 1;
	classes = {
	};
	objectVersion = 56;
	objects = {

/* Begin PBXBuildFile section */
		CD5A2BCA2A5400F700E2B248 /* LoginVC.swift in Sources */ = {isa = PBXBuildFile; fileRef = CD5A2BC82A5400F700E2B248 /* LoginVC.swift */; };
		CD5A2BCB2A5400F700E2B248 /* LoginVC.xib in Resources */ = {isa = PBXBuildFile; fileRef = CD5A2BC92A5400F700E2B248 /* LoginVC.xib */; };
		CD5A2BCD2A54011B00E2B248 /* LoginVM.swift in Sources */ = {isa = PBXBuildFile; fileRef = CD5A2BCC2A54011B00E2B248 /* LoginVM.swift */; };
		CD5A2BCF2A54043C00E2B248 /* ViewExtension.swift in Sources */ = {isa = PBXBuildFile; fileRef = CD5A2BCE2A54043C00E2B248 /* ViewExtension.swift */; };
		CD5A2BD12A54081C00E2B248 /* AppHelper.swift in Sources */ = {isa = PBXBuildFile; fileRef = CD5A2BD02A54081C00E2B248 /* AppHelper.swift */; };
		D40CD4DC2A4197B2007976C5 /* AppDelegate.swift in Sources */ = {isa = PBXBuildFile; fileRef = D40CD4DB2A4197B2007976C5 /* AppDelegate.swift */; };
		D40CD4DE2A4197B2007976C5 /* SceneDelegate.swift in Sources */ = {isa = PBXBuildFile; fileRef = D40CD4DD2A4197B2007976C5 /* SceneDelegate.swift */; };
		D40CD4E02A4197B2007976C5 /* ViewController.swift in Sources */ = {isa = PBXBuildFile; fileRef = D40CD4DF2A4197B2007976C5 /* ViewController.swift */; };
		D40CD4E32A4197B2007976C5 /* Main.storyboard in Resources */ = {isa = PBXBuildFile; fileRef = D40CD4E12A4197B2007976C5 /* Main.storyboard */; };
		D40CD4E62A4197B2007976C5 /* Office_Worker.xcdatamodeld in Sources */ = {isa = PBXBuildFile; fileRef = D40CD4E42A4197B2007976C5 /* Office_Worker.xcdatamodeld */; };
		D40CD4E82A4197B4007976C5 /* Assets.xcassets in Resources */ = {isa = PBXBuildFile; fileRef = D40CD4E72A4197B4007976C5 /* Assets.xcassets */; };
		D40CD4EB2A4197B4007976C5 /* LaunchScreen.storyboard in Resources */ = {isa = PBXBuildFile; fileRef = D40CD4E92A4197B4007976C5 /* LaunchScreen.storyboard */; };
		D40CD4F62A4197B4007976C5 /* Office_WorkerTests.swift in Sources */ = {isa = PBXBuildFile; fileRef = D40CD4F52A4197B4007976C5 /* Office_WorkerTests.swift */; };
		D40CD5002A4197B4007976C5 /* Office_WorkerUITests.swift in Sources */ = {isa = PBXBuildFile; fileRef = D40CD4FF2A4197B4007976C5 /* Office_WorkerUITests.swift */; };
		D40CD5022A4197B4007976C5 /* Office_WorkerUITestsLaunchTests.swift in Sources */ = {isa = PBXBuildFile; fileRef = D40CD5012A4197B4007976C5 /* Office_WorkerUITestsLaunchTests.swift */; };
		D4D4843D2A41A59E00F84E12 /* SplashVM.swift in Sources */ = {isa = PBXBuildFile; fileRef = D4D4843C2A41A59E00F84E12 /* SplashVM.swift */; };
		D4D484402A41A5AF00F84E12 /* SplashVC.swift in Sources */ = {isa = PBXBuildFile; fileRef = D4D4843E2A41A5AF00F84E12 /* SplashVC.swift */; };
		D4D484412A41A5AF00F84E12 /* SplashVC.xib in Resources */ = {isa = PBXBuildFile; fileRef = D4D4843F2A41A5AF00F84E12 /* SplashVC.xib */; };
		D4D484472A41B26000F84E12 /* ColorHelper.swift in Sources */ = {isa = PBXBuildFile; fileRef = D4D484462A41B26000F84E12 /* ColorHelper.swift */; };
		D4D484492A41B33C00F84E12 /* ColorExtension.swift in Sources */ = {isa = PBXBuildFile; fileRef = D4D484482A41B33C00F84E12 /* ColorExtension.swift */; };
/* End PBXBuildFile section */

/* Begin PBXContainerItemProxy section */
		D40CD4F22A4197B4007976C5 /* PBXContainerItemProxy */ = {
			isa = PBXContainerItemProxy;
			containerPortal = D40CD4D02A4197B2007976C5 /* Project object */;
			proxyType = 1;
			remoteGlobalIDString = D40CD4D72A4197B2007976C5;
			remoteInfo = "Office-Worker";
		};
		D40CD4FC2A4197B4007976C5 /* PBXContainerItemProxy */ = {
			isa = PBXContainerItemProxy;
			containerPortal = D40CD4D02A4197B2007976C5 /* Project object */;
			proxyType = 1;
			remoteGlobalIDString = D40CD4D72A4197B2007976C5;
			remoteInfo = "Office-Worker";
		};
/* End PBXContainerItemProxy section */

/* Begin PBXFileReference section */
		CD5A2BC82A5400F700E2B248 /* LoginVC.swift */ = {isa = PBXFileReference; lastKnownFileType = sourcecode.swift; path = LoginVC.swift; sourceTree = "<group>"; };
		CD5A2BC92A5400F700E2B248 /* LoginVC.xib */ = {isa = PBXFileReference; lastKnownFileType = file.xib; path = LoginVC.xib; sourceTree = "<group>"; };
		CD5A2BCC2A54011B00E2B248 /* LoginVM.swift */ = {isa = PBXFileReference; lastKnownFileType = sourcecode.swift; path = LoginVM.swift; sourceTree = "<group>"; };
		CD5A2BCE2A54043C00E2B248 /* ViewExtension.swift */ = {isa = PBXFileReference; lastKnownFileType = sourcecode.swift; path = ViewExtension.swift; sourceTree = "<group>"; };
		CD5A2BD02A54081C00E2B248 /* AppHelper.swift */ = {isa = PBXFileReference; lastKnownFileType = sourcecode.swift; path = AppHelper.swift; sourceTree = "<group>"; };
		D40CD4D82A4197B2007976C5 /* Office-Worker.app */ = {isa = PBXFileReference; explicitFileType = wrapper.application; includeInIndex = 0; path = "Office-Worker.app"; sourceTree = BUILT_PRODUCTS_DIR; };
		D40CD4DB2A4197B2007976C5 /* AppDelegate.swift */ = {isa = PBXFileReference; lastKnownFileType = sourcecode.swift; path = AppDelegate.swift; sourceTree = "<group>"; };
		D40CD4DD2A4197B2007976C5 /* SceneDelegate.swift */ = {isa = PBXFileReference; lastKnownFileType = sourcecode.swift; path = SceneDelegate.swift; sourceTree = "<group>"; };
		D40CD4DF2A4197B2007976C5 /* ViewController.swift */ = {isa = PBXFileReference; lastKnownFileType = sourcecode.swift; path = ViewController.swift; sourceTree = "<group>"; };
		D40CD4E22A4197B2007976C5 /* Base */ = {isa = PBXFileReference; lastKnownFileType = file.storyboard; name = Base; path = Base.lproj/Main.storyboard; sourceTree = "<group>"; };
		D40CD4E52A4197B2007976C5 /* Office_Worker.xcdatamodel */ = {isa = PBXFileReference; lastKnownFileType = wrapper.xcdatamodel; path = Office_Worker.xcdatamodel; sourceTree = "<group>"; };
		D40CD4E72A4197B4007976C5 /* Assets.xcassets */ = {isa = PBXFileReference; lastKnownFileType = folder.assetcatalog; path = Assets.xcassets; sourceTree = "<group>"; };
		D40CD4EA2A4197B4007976C5 /* Base */ = {isa = PBXFileReference; lastKnownFileType = file.storyboard; name = Base; path = Base.lproj/LaunchScreen.storyboard; sourceTree = "<group>"; };
		D40CD4EC2A4197B4007976C5 /* Info.plist */ = {isa = PBXFileReference; lastKnownFileType = text.plist.xml; path = Info.plist; sourceTree = "<group>"; };
		D40CD4F12A4197B4007976C5 /* Office-WorkerTests.xctest */ = {isa = PBXFileReference; explicitFileType = wrapper.cfbundle; includeInIndex = 0; path = "Office-WorkerTests.xctest"; sourceTree = BUILT_PRODUCTS_DIR; };
		D40CD4F52A4197B4007976C5 /* Office_WorkerTests.swift */ = {isa = PBXFileReference; lastKnownFileType = sourcecode.swift; path = Office_WorkerTests.swift; sourceTree = "<group>"; };
		D40CD4FB2A4197B4007976C5 /* Office-WorkerUITests.xctest */ = {isa = PBXFileReference; explicitFileType = wrapper.cfbundle; includeInIndex = 0; path = "Office-WorkerUITests.xctest"; sourceTree = BUILT_PRODUCTS_DIR; };
		D40CD4FF2A4197B4007976C5 /* Office_WorkerUITests.swift */ = {isa = PBXFileReference; lastKnownFileType = sourcecode.swift; path = Office_WorkerUITests.swift; sourceTree = "<group>"; };
		D40CD5012A4197B4007976C5 /* Office_WorkerUITestsLaunchTests.swift */ = {isa = PBXFileReference; lastKnownFileType = sourcecode.swift; path = Office_WorkerUITestsLaunchTests.swift; sourceTree = "<group>"; };
		D40CD50E2A41980A007976C5 /* Office-Worker.entitlements */ = {isa = PBXFileReference; lastKnownFileType = text.plist.entitlements; path = "Office-Worker.entitlements"; sourceTree = "<group>"; };
		D4D4843C2A41A59E00F84E12 /* SplashVM.swift */ = {isa = PBXFileReference; lastKnownFileType = sourcecode.swift; path = SplashVM.swift; sourceTree = "<group>"; };
		D4D4843E2A41A5AF00F84E12 /* SplashVC.swift */ = {isa = PBXFileReference; lastKnownFileType = sourcecode.swift; path = SplashVC.swift; sourceTree = "<group>"; };
		D4D4843F2A41A5AF00F84E12 /* SplashVC.xib */ = {isa = PBXFileReference; lastKnownFileType = file.xib; path = SplashVC.xib; sourceTree = "<group>"; };
		D4D484462A41B26000F84E12 /* ColorHelper.swift */ = {isa = PBXFileReference; lastKnownFileType = sourcecode.swift; path = ColorHelper.swift; sourceTree = "<group>"; };
		D4D484482A41B33C00F84E12 /* ColorExtension.swift */ = {isa = PBXFileReference; lastKnownFileType = sourcecode.swift; path = ColorExtension.swift; sourceTree = "<group>"; };
/* End PBXFileReference section */

/* Begin PBXFrameworksBuildPhase section */
		D40CD4D52A4197B2007976C5 /* Frameworks */ = {
			isa = PBXFrameworksBuildPhase;
			buildActionMask = 2147483647;
			files = (
			);
			runOnlyForDeploymentPostprocessing = 0;
		};
		D40CD4EE2A4197B4007976C5 /* Frameworks */ = {
			isa = PBXFrameworksBuildPhase;
			buildActionMask = 2147483647;
			files = (
			);
			runOnlyForDeploymentPostprocessing = 0;
		};
		D40CD4F82A4197B4007976C5 /* Frameworks */ = {
			isa = PBXFrameworksBuildPhase;
			buildActionMask = 2147483647;
			files = (
			);
			runOnlyForDeploymentPostprocessing = 0;
		};
/* End PBXFrameworksBuildPhase section */

/* Begin PBXGroup section */
		CD5A2BC62A5400E000E2B248 /* Login */ = {
			isa = PBXGroup;
			children = (
				CD5A2BC82A5400F700E2B248 /* LoginVC.swift */,
				CD5A2BC92A5400F700E2B248 /* LoginVC.xib */,
				CD5A2BCC2A54011B00E2B248 /* LoginVM.swift */,
			);
			path = Login;
			sourceTree = "<group>";
		};
		D40CD4CF2A4197B2007976C5 = {
			isa = PBXGroup;
			children = (
				D40CD4DA2A4197B2007976C5 /* Office-Worker */,
				D40CD4F42A4197B4007976C5 /* Office-WorkerTests */,
				D40CD4FE2A4197B4007976C5 /* Office-WorkerUITests */,
				D40CD4D92A4197B2007976C5 /* Products */,
			);
			sourceTree = "<group>";
		};
		D40CD4D92A4197B2007976C5 /* Products */ = {
			isa = PBXGroup;
			children = (
				D40CD4D82A4197B2007976C5 /* Office-Worker.app */,
				D40CD4F12A4197B4007976C5 /* Office-WorkerTests.xctest */,
				D40CD4FB2A4197B4007976C5 /* Office-WorkerUITests.xctest */,
			);
			name = Products;
			sourceTree = "<group>";
		};
		D40CD4DA2A4197B2007976C5 /* Office-Worker */ = {
			isa = PBXGroup;
			children = (
				D40CD5112A419C89007976C5 /* Helper */,
				D40CD5102A419C7E007976C5 /* Extension */,
				D40CD50F2A419C65007976C5 /* Scenes */,
				D40CD50E2A41980A007976C5 /* Office-Worker.entitlements */,
				D40CD4DB2A4197B2007976C5 /* AppDelegate.swift */,
				D40CD4DD2A4197B2007976C5 /* SceneDelegate.swift */,
				D40CD4DF2A4197B2007976C5 /* ViewController.swift */,
				D40CD4E12A4197B2007976C5 /* Main.storyboard */,
				D40CD4E72A4197B4007976C5 /* Assets.xcassets */,
				D40CD4E92A4197B4007976C5 /* LaunchScreen.storyboard */,
				D40CD4EC2A4197B4007976C5 /* Info.plist */,
				D40CD4E42A4197B2007976C5 /* Office_Worker.xcdatamodeld */,
			);
			path = "Office-Worker";
			sourceTree = "<group>";
		};
		D40CD4F42A4197B4007976C5 /* Office-WorkerTests */ = {
			isa = PBXGroup;
			children = (
				D40CD4F52A4197B4007976C5 /* Office_WorkerTests.swift */,
			);
			path = "Office-WorkerTests";
			sourceTree = "<group>";
		};
		D40CD4FE2A4197B4007976C5 /* Office-WorkerUITests */ = {
			isa = PBXGroup;
			children = (
				D40CD4FF2A4197B4007976C5 /* Office_WorkerUITests.swift */,
				D40CD5012A4197B4007976C5 /* Office_WorkerUITestsLaunchTests.swift */,
			);
			path = "Office-WorkerUITests";
			sourceTree = "<group>";
		};
		D40CD50F2A419C65007976C5 /* Scenes */ = {
			isa = PBXGroup;
			children = (
				CD5A2BC62A5400E000E2B248 /* Login */,
				D4D484342A41A54300F84E12 /* Splash */,
			);
			path = Scenes;
			sourceTree = "<group>";
		};
		D40CD5102A419C7E007976C5 /* Extension */ = {
			isa = PBXGroup;
			children = (
				D4D484482A41B33C00F84E12 /* ColorExtension.swift */,
				CD5A2BCE2A54043C00E2B248 /* ViewExtension.swift */,
			);
			path = Extension;
			sourceTree = "<group>";
		};
		D40CD5112A419C89007976C5 /* Helper */ = {
			isa = PBXGroup;
			children = (
				D4D484462A41B26000F84E12 /* ColorHelper.swift */,
				CD5A2BD02A54081C00E2B248 /* AppHelper.swift */,
			);
			path = Helper;
			sourceTree = "<group>";
		};
		D4D484342A41A54300F84E12 /* Splash */ = {
			isa = PBXGroup;
			children = (
				D4D4843C2A41A59E00F84E12 /* SplashVM.swift */,
				D4D4843E2A41A5AF00F84E12 /* SplashVC.swift */,
				D4D4843F2A41A5AF00F84E12 /* SplashVC.xib */,
			);
			path = Splash;
			sourceTree = "<group>";
		};
/* End PBXGroup section */

/* Begin PBXNativeTarget section */
		D40CD4D72A4197B2007976C5 /* Office-Worker */ = {
			isa = PBXNativeTarget;
			buildConfigurationList = D40CD5052A4197B4007976C5 /* Build configuration list for PBXNativeTarget "Office-Worker" */;
			buildPhases = (
				D40CD4D42A4197B2007976C5 /* Sources */,
				D40CD4D52A4197B2007976C5 /* Frameworks */,
				D40CD4D62A4197B2007976C5 /* Resources */,
			);
			buildRules = (
			);
			dependencies = (
			);
			name = "Office-Worker";
			productName = "Office-Worker";
			productReference = D40CD4D82A4197B2007976C5 /* Office-Worker.app */;
			productType = "com.apple.product-type.application";
		};
		D40CD4F02A4197B4007976C5 /* Office-WorkerTests */ = {
			isa = PBXNativeTarget;
			buildConfigurationList = D40CD5082A4197B4007976C5 /* Build configuration list for PBXNativeTarget "Office-WorkerTests" */;
			buildPhases = (
				D40CD4ED2A4197B4007976C5 /* Sources */,
				D40CD4EE2A4197B4007976C5 /* Frameworks */,
				D40CD4EF2A4197B4007976C5 /* Resources */,
			);
			buildRules = (
			);
			dependencies = (
				D40CD4F32A4197B4007976C5 /* PBXTargetDependency */,
			);
			name = "Office-WorkerTests";
			productName = "Office-WorkerTests";
			productReference = D40CD4F12A4197B4007976C5 /* Office-WorkerTests.xctest */;
			productType = "com.apple.product-type.bundle.unit-test";
		};
		D40CD4FA2A4197B4007976C5 /* Office-WorkerUITests */ = {
			isa = PBXNativeTarget;
			buildConfigurationList = D40CD50B2A4197B4007976C5 /* Build configuration list for PBXNativeTarget "Office-WorkerUITests" */;
			buildPhases = (
				D40CD4F72A4197B4007976C5 /* Sources */,
				D40CD4F82A4197B4007976C5 /* Frameworks */,
				D40CD4F92A4197B4007976C5 /* Resources */,
			);
			buildRules = (
			);
			dependencies = (
				D40CD4FD2A4197B4007976C5 /* PBXTargetDependency */,
			);
			name = "Office-WorkerUITests";
			productName = "Office-WorkerUITests";
			productReference = D40CD4FB2A4197B4007976C5 /* Office-WorkerUITests.xctest */;
			productType = "com.apple.product-type.bundle.ui-testing";
		};
/* End PBXNativeTarget section */

/* Begin PBXProject section */
		D40CD4D02A4197B2007976C5 /* Project object */ = {
			isa = PBXProject;
			attributes = {
				BuildIndependentTargetsInParallel = 1;
				LastSwiftUpdateCheck = 1410;
				LastUpgradeCheck = 1410;
				TargetAttributes = {
					D40CD4D72A4197B2007976C5 = {
						CreatedOnToolsVersion = 14.1;
					};
					D40CD4F02A4197B4007976C5 = {
						CreatedOnToolsVersion = 14.1;
						TestTargetID = D40CD4D72A4197B2007976C5;
					};
					D40CD4FA2A4197B4007976C5 = {
						CreatedOnToolsVersion = 14.1;
						TestTargetID = D40CD4D72A4197B2007976C5;
					};
				};
			};
			buildConfigurationList = D40CD4D32A4197B2007976C5 /* Build configuration list for PBXProject "Office-Worker" */;
			compatibilityVersion = "Xcode 14.0";
			developmentRegion = en;
			hasScannedForEncodings = 0;
			knownRegions = (
				en,
				Base,
			);
			mainGroup = D40CD4CF2A4197B2007976C5;
			productRefGroup = D40CD4D92A4197B2007976C5 /* Products */;
			projectDirPath = "";
			projectRoot = "";
			targets = (
				D40CD4D72A4197B2007976C5 /* Office-Worker */,
				D40CD4F02A4197B4007976C5 /* Office-WorkerTests */,
				D40CD4FA2A4197B4007976C5 /* Office-WorkerUITests */,
			);
		};
/* End PBXProject section */

/* Begin PBXResourcesBuildPhase section */
		D40CD4D62A4197B2007976C5 /* Resources */ = {
			isa = PBXResourcesBuildPhase;
			buildActionMask = 2147483647;
			files = (
				CD5A2BCB2A5400F700E2B248 /* LoginVC.xib in Resources */,
				D40CD4EB2A4197B4007976C5 /* LaunchScreen.storyboard in Resources */,
				D4D484412A41A5AF00F84E12 /* SplashVC.xib in Resources */,
				D40CD4E82A4197B4007976C5 /* Assets.xcassets in Resources */,
				D40CD4E32A4197B2007976C5 /* Main.storyboard in Resources */,
			);
			runOnlyForDeploymentPostprocessing = 0;
		};
		D40CD4EF2A4197B4007976C5 /* Resources */ = {
			isa = PBXResourcesBuildPhase;
			buildActionMask = 2147483647;
			files = (
			);
			runOnlyForDeploymentPostprocessing = 0;
		};
		D40CD4F92A4197B4007976C5 /* Resources */ = {
			isa = PBXResourcesBuildPhase;
			buildActionMask = 2147483647;
			files = (
			);
			runOnlyForDeploymentPostprocessing = 0;
		};
/* End PBXResourcesBuildPhase section */

/* Begin PBXSourcesBuildPhase section */
		D40CD4D42A4197B2007976C5 /* Sources */ = {
			isa = PBXSourcesBuildPhase;
			buildActionMask = 2147483647;
			files = (
				D40CD4E02A4197B2007976C5 /* ViewController.swift in Sources */,
				D4D4843D2A41A59E00F84E12 /* SplashVM.swift in Sources */,
				D40CD4DC2A4197B2007976C5 /* AppDelegate.swift in Sources */,
				D4D484492A41B33C00F84E12 /* ColorExtension.swift in Sources */,
				CD5A2BCD2A54011B00E2B248 /* LoginVM.swift in Sources */,
				D40CD4DE2A4197B2007976C5 /* SceneDelegate.swift in Sources */,
				CD5A2BCF2A54043C00E2B248 /* ViewExtension.swift in Sources */,
				CD5A2BD12A54081C00E2B248 /* AppHelper.swift in Sources */,
				CD5A2BCA2A5400F700E2B248 /* LoginVC.swift in Sources */,
				D40CD4E62A4197B2007976C5 /* Office_Worker.xcdatamodeld in Sources */,
				D4D484472A41B26000F84E12 /* ColorHelper.swift in Sources */,
				D4D484402A41A5AF00F84E12 /* SplashVC.swift in Sources */,
			);
			runOnlyForDeploymentPostprocessing = 0;
		};
		D40CD4ED2A4197B4007976C5 /* Sources */ = {
			isa = PBXSourcesBuildPhase;
			buildActionMask = 2147483647;
			files = (
				D40CD4F62A4197B4007976C5 /* Office_WorkerTests.swift in Sources */,
			);
			runOnlyForDeploymentPostprocessing = 0;
		};
		D40CD4F72A4197B4007976C5 /* Sources */ = {
			isa = PBXSourcesBuildPhase;
			buildActionMask = 2147483647;
			files = (
				D40CD5022A4197B4007976C5 /* Office_WorkerUITestsLaunchTests.swift in Sources */,
				D40CD5002A4197B4007976C5 /* Office_WorkerUITests.swift in Sources */,
			);
			runOnlyForDeploymentPostprocessing = 0;
		};
/* End PBXSourcesBuildPhase section */

/* Begin PBXTargetDependency section */
		D40CD4F32A4197B4007976C5 /* PBXTargetDependency */ = {
			isa = PBXTargetDependency;
			target = D40CD4D72A4197B2007976C5 /* Office-Worker */;
			targetProxy = D40CD4F22A4197B4007976C5 /* PBXContainerItemProxy */;
		};
		D40CD4FD2A4197B4007976C5 /* PBXTargetDependency */ = {
			isa = PBXTargetDependency;
			target = D40CD4D72A4197B2007976C5 /* Office-Worker */;
			targetProxy = D40CD4FC2A4197B4007976C5 /* PBXContainerItemProxy */;
		};
/* End PBXTargetDependency section */

/* Begin PBXVariantGroup section */
		D40CD4E12A4197B2007976C5 /* Main.storyboard */ = {
			isa = PBXVariantGroup;
			children = (
				D40CD4E22A4197B2007976C5 /* Base */,
			);
			name = Main.storyboard;
			sourceTree = "<group>";
		};
		D40CD4E92A4197B4007976C5 /* LaunchScreen.storyboard */ = {
			isa = PBXVariantGroup;
			children = (
				D40CD4EA2A4197B4007976C5 /* Base */,
			);
			name = LaunchScreen.storyboard;
			sourceTree = "<group>";
		};
/* End PBXVariantGroup section */

/* Begin XCBuildConfiguration section */
		D40CD5032A4197B4007976C5 /* Debug */ = {
			isa = XCBuildConfiguration;
			buildSettings = {
				ALWAYS_SEARCH_USER_PATHS = NO;
				CLANG_ANALYZER_NONNULL = YES;
				CLANG_ANALYZER_NUMBER_OBJECT_CONVERSION = YES_AGGRESSIVE;
				CLANG_CXX_LANGUAGE_STANDARD = "gnu++20";
				CLANG_ENABLE_MODULES = YES;
				CLANG_ENABLE_OBJC_ARC = YES;
				CLANG_ENABLE_OBJC_WEAK = YES;
				CLANG_WARN_BLOCK_CAPTURE_AUTORELEASING = YES;
				CLANG_WARN_BOOL_CONVERSION = YES;
				CLANG_WARN_COMMA = YES;
				CLANG_WARN_CONSTANT_CONVERSION = YES;
				CLANG_WARN_DEPRECATED_OBJC_IMPLEMENTATIONS = YES;
				CLANG_WARN_DIRECT_OBJC_ISA_USAGE = YES_ERROR;
				CLANG_WARN_DOCUMENTATION_COMMENTS = YES;
				CLANG_WARN_EMPTY_BODY = YES;
				CLANG_WARN_ENUM_CONVERSION = YES;
				CLANG_WARN_INFINITE_RECURSION = YES;
				CLANG_WARN_INT_CONVERSION = YES;
				CLANG_WARN_NON_LITERAL_NULL_CONVERSION = YES;
				CLANG_WARN_OBJC_IMPLICIT_RETAIN_SELF = YES;
				CLANG_WARN_OBJC_LITERAL_CONVERSION = YES;
				CLANG_WARN_OBJC_ROOT_CLASS = YES_ERROR;
				CLANG_WARN_QUOTED_INCLUDE_IN_FRAMEWORK_HEADER = YES;
				CLANG_WARN_RANGE_LOOP_ANALYSIS = YES;
				CLANG_WARN_STRICT_PROTOTYPES = YES;
				CLANG_WARN_SUSPICIOUS_MOVE = YES;
				CLANG_WARN_UNGUARDED_AVAILABILITY = YES_AGGRESSIVE;
				CLANG_WARN_UNREACHABLE_CODE = YES;
				CLANG_WARN__DUPLICATE_METHOD_MATCH = YES;
				COPY_PHASE_STRIP = NO;
				DEBUG_INFORMATION_FORMAT = dwarf;
				ENABLE_STRICT_OBJC_MSGSEND = YES;
				ENABLE_TESTABILITY = YES;
				GCC_C_LANGUAGE_STANDARD = gnu11;
				GCC_DYNAMIC_NO_PIC = NO;
				GCC_NO_COMMON_BLOCKS = YES;
				GCC_OPTIMIZATION_LEVEL = 0;
				GCC_PREPROCESSOR_DEFINITIONS = (
					"DEBUG=1",
					"$(inherited)",
				);
				GCC_WARN_64_TO_32_BIT_CONVERSION = YES;
				GCC_WARN_ABOUT_RETURN_TYPE = YES_ERROR;
				GCC_WARN_UNDECLARED_SELECTOR = YES;
				GCC_WARN_UNINITIALIZED_AUTOS = YES_AGGRESSIVE;
				GCC_WARN_UNUSED_FUNCTION = YES;
				GCC_WARN_UNUSED_VARIABLE = YES;
				IPHONEOS_DEPLOYMENT_TARGET = 16.1;
				MTL_ENABLE_DEBUG_INFO = INCLUDE_SOURCE;
				MTL_FAST_MATH = YES;
				ONLY_ACTIVE_ARCH = YES;
				SDKROOT = iphoneos;
				SWIFT_ACTIVE_COMPILATION_CONDITIONS = DEBUG;
				SWIFT_OPTIMIZATION_LEVEL = "-Onone";
			};
			name = Debug;
		};
		D40CD5042A4197B4007976C5 /* Release */ = {
			isa = XCBuildConfiguration;
			buildSettings = {
				ALWAYS_SEARCH_USER_PATHS = NO;
				CLANG_ANALYZER_NONNULL = YES;
				CLANG_ANALYZER_NUMBER_OBJECT_CONVERSION = YES_AGGRESSIVE;
				CLANG_CXX_LANGUAGE_STANDARD = "gnu++20";
				CLANG_ENABLE_MODULES = YES;
				CLANG_ENABLE_OBJC_ARC = YES;
				CLANG_ENABLE_OBJC_WEAK = YES;
				CLANG_WARN_BLOCK_CAPTURE_AUTORELEASING = YES;
				CLANG_WARN_BOOL_CONVERSION = YES;
				CLANG_WARN_COMMA = YES;
				CLANG_WARN_CONSTANT_CONVERSION = YES;
				CLANG_WARN_DEPRECATED_OBJC_IMPLEMENTATIONS = YES;
				CLANG_WARN_DIRECT_OBJC_ISA_USAGE = YES_ERROR;
				CLANG_WARN_DOCUMENTATION_COMMENTS = YES;
				CLANG_WARN_EMPTY_BODY = YES;
				CLANG_WARN_ENUM_CONVERSION = YES;
				CLANG_WARN_INFINITE_RECURSION = YES;
				CLANG_WARN_INT_CONVERSION = YES;
				CLANG_WARN_NON_LITERAL_NULL_CONVERSION = YES;
				CLANG_WARN_OBJC_IMPLICIT_RETAIN_SELF = YES;
				CLANG_WARN_OBJC_LITERAL_CONVERSION = YES;
				CLANG_WARN_OBJC_ROOT_CLASS = YES_ERROR;
				CLANG_WARN_QUOTED_INCLUDE_IN_FRAMEWORK_HEADER = YES;
				CLANG_WARN_RANGE_LOOP_ANALYSIS = YES;
				CLANG_WARN_STRICT_PROTOTYPES = YES;
				CLANG_WARN_SUSPICIOUS_MOVE = YES;
				CLANG_WARN_UNGUARDED_AVAILABILITY = YES_AGGRESSIVE;
				CLANG_WARN_UNREACHABLE_CODE = YES;
				CLANG_WARN__DUPLICATE_METHOD_MATCH = YES;
				COPY_PHASE_STRIP = NO;
				DEBUG_INFORMATION_FORMAT = "dwarf-with-dsym";
				ENABLE_NS_ASSERTIONS = NO;
				ENABLE_STRICT_OBJC_MSGSEND = YES;
				GCC_C_LANGUAGE_STANDARD = gnu11;
				GCC_NO_COMMON_BLOCKS = YES;
				GCC_WARN_64_TO_32_BIT_CONVERSION = YES;
				GCC_WARN_ABOUT_RETURN_TYPE = YES_ERROR;
				GCC_WARN_UNDECLARED_SELECTOR = YES;
				GCC_WARN_UNINITIALIZED_AUTOS = YES_AGGRESSIVE;
				GCC_WARN_UNUSED_FUNCTION = YES;
				GCC_WARN_UNUSED_VARIABLE = YES;
				IPHONEOS_DEPLOYMENT_TARGET = 16.1;
				MTL_ENABLE_DEBUG_INFO = NO;
				MTL_FAST_MATH = YES;
				SDKROOT = iphoneos;
				SWIFT_COMPILATION_MODE = wholemodule;
				SWIFT_OPTIMIZATION_LEVEL = "-O";
				VALIDATE_PRODUCT = YES;
			};
			name = Release;
		};
		D40CD5062A4197B4007976C5 /* Debug */ = {
			isa = XCBuildConfiguration;
			buildSettings = {
				ASSETCATALOG_COMPILER_APPICON_NAME = AppIcon;
				ASSETCATALOG_COMPILER_GLOBAL_ACCENT_COLOR_NAME = AccentColor;
				ASSETCATALOG_COMPILER_INCLUDE_ALL_APPICON_ASSETS = NO;
				CODE_SIGN_ENTITLEMENTS = "Office-Worker/Office-Worker.entitlements";
				CODE_SIGN_IDENTITY = "Apple Development";
				CODE_SIGN_STYLE = Automatic;
				CURRENT_PROJECT_VERSION = 1;
				DEVELOPMENT_TEAM = 92P29782V7;
				GENERATE_INFOPLIST_FILE = YES;
				INFOPLIST_FILE = "Office-Worker/Info.plist";
				INFOPLIST_KEY_CFBundleDisplayName = "Office Worker";
				INFOPLIST_KEY_UIApplicationSupportsIndirectInputEvents = YES;
				INFOPLIST_KEY_UILaunchStoryboardName = LaunchScreen.storyboard;
				INFOPLIST_KEY_UIMainStoryboardFile = Main;
				INFOPLIST_KEY_UISupportedInterfaceOrientations_iPad = "UIInterfaceOrientationPortrait UIInterfaceOrientationPortraitUpsideDown UIInterfaceOrientationLandscapeLeft UIInterfaceOrientationLandscapeRight";
				INFOPLIST_KEY_UISupportedInterfaceOrientations_iPhone = "UIInterfaceOrientationPortrait UIInterfaceOrientationLandscapeLeft UIInterfaceOrientationLandscapeRight";
				IPHONEOS_DEPLOYMENT_TARGET = 13.0;
				LD_RUNPATH_SEARCH_PATHS = (
					"$(inherited)",
					"@executable_path/Frameworks",
				);
				MARKETING_VERSION = 1.0;
				PRODUCT_BUNDLE_IDENTIFIER = vn.edfore.officeworker.com.test;
				PRODUCT_NAME = "$(TARGET_NAME)";
				PROVISIONING_PROFILE_SPECIFIER = "";
				SWIFT_EMIT_LOC_STRINGS = YES;
				SWIFT_VERSION = 5.0;
				TARGETED_DEVICE_FAMILY = "1,2";
			};
			name = Debug;
		};
		D40CD5072A4197B4007976C5 /* Release */ = {
			isa = XCBuildConfiguration;
			buildSettings = {
				ASSETCATALOG_COMPILER_APPICON_NAME = AppIcon;
				ASSETCATALOG_COMPILER_GLOBAL_ACCENT_COLOR_NAME = AccentColor;
				ASSETCATALOG_COMPILER_INCLUDE_ALL_APPICON_ASSETS = NO;
				CODE_SIGN_ENTITLEMENTS = "Office-Worker/Office-Worker.entitlements";
				CODE_SIGN_IDENTITY = "Apple Development";
				CODE_SIGN_STYLE = Automatic;
				CURRENT_PROJECT_VERSION = 1;
				DEVELOPMENT_TEAM = 92P29782V7;
				GENERATE_INFOPLIST_FILE = YES;
				INFOPLIST_FILE = "Office-Worker/Info.plist";
				INFOPLIST_KEY_CFBundleDisplayName = "Office Worker";
				INFOPLIST_KEY_UIApplicationSupportsIndirectInputEvents = YES;
				INFOPLIST_KEY_UILaunchStoryboardName = LaunchScreen.storyboard;
				INFOPLIST_KEY_UIMainStoryboardFile = Main;
				INFOPLIST_KEY_UISupportedInterfaceOrientations_iPad = "UIInterfaceOrientationPortrait UIInterfaceOrientationPortraitUpsideDown UIInterfaceOrientationLandscapeLeft UIInterfaceOrientationLandscapeRight";
				INFOPLIST_KEY_UISupportedInterfaceOrientations_iPhone = "UIInterfaceOrientationPortrait UIInterfaceOrientationLandscapeLeft UIInterfaceOrientationLandscapeRight";
				IPHONEOS_DEPLOYMENT_TARGET = 13.0;
				LD_RUNPATH_SEARCH_PATHS = (
					"$(inherited)",
					"@executable_path/Frameworks",
				);
				MARKETING_VERSION = 1.0;
				PRODUCT_BUNDLE_IDENTIFIER = vn.edfore.officeworker.com.test;
				PRODUCT_NAME = "$(TARGET_NAME)";
				PROVISIONING_PROFILE_SPECIFIER = "";
				SWIFT_EMIT_LOC_STRINGS = YES;
				SWIFT_VERSION = 5.0;
				TARGETED_DEVICE_FAMILY = "1,2";
			};
			name = Release;
		};
		D40CD5092A4197B4007976C5 /* Debug */ = {
			isa = XCBuildConfiguration;
			buildSettings = {
				ALWAYS_EMBED_SWIFT_STANDARD_LIBRARIES = YES;
				BUNDLE_LOADER = "$(TEST_HOST)";
				CODE_SIGN_STYLE = Automatic;
				CURRENT_PROJECT_VERSION = 1;
				DEVELOPMENT_TEAM = 88QJ4AUY7L;
				GENERATE_INFOPLIST_FILE = YES;
				IPHONEOS_DEPLOYMENT_TARGET = 16.1;
				MARKETING_VERSION = 1.0;
				PRODUCT_BUNDLE_IDENTIFIER = "vn.edfore.Office-WorkerTests";
				PRODUCT_NAME = "$(TARGET_NAME)";
				SWIFT_EMIT_LOC_STRINGS = NO;
				SWIFT_VERSION = 5.0;
				TARGETED_DEVICE_FAMILY = "1,2";
				TEST_HOST = "$(BUILT_PRODUCTS_DIR)/Office-Worker.app/$(BUNDLE_EXECUTABLE_FOLDER_PATH)/Office-Worker";
			};
			name = Debug;
		};
		D40CD50A2A4197B4007976C5 /* Release */ = {
			isa = XCBuildConfiguration;
			buildSettings = {
				ALWAYS_EMBED_SWIFT_STANDARD_LIBRARIES = YES;
				BUNDLE_LOADER = "$(TEST_HOST)";
				CODE_SIGN_STYLE = Automatic;
				CURRENT_PROJECT_VERSION = 1;
				DEVELOPMENT_TEAM = 88QJ4AUY7L;
				GENERATE_INFOPLIST_FILE = YES;
				IPHONEOS_DEPLOYMENT_TARGET = 16.1;
				MARKETING_VERSION = 1.0;
				PRODUCT_BUNDLE_IDENTIFIER = "vn.edfore.Office-WorkerTests";
				PRODUCT_NAME = "$(TARGET_NAME)";
				SWIFT_EMIT_LOC_STRINGS = NO;
				SWIFT_VERSION = 5.0;
				TARGETED_DEVICE_FAMILY = "1,2";
				TEST_HOST = "$(BUILT_PRODUCTS_DIR)/Office-Worker.app/$(BUNDLE_EXECUTABLE_FOLDER_PATH)/Office-Worker";
			};
			name = Release;
		};
		D40CD50C2A4197B4007976C5 /* Debug */ = {
			isa = XCBuildConfiguration;
			buildSettings = {
				ALWAYS_EMBED_SWIFT_STANDARD_LIBRARIES = YES;
				CODE_SIGN_STYLE = Automatic;
				CURRENT_PROJECT_VERSION = 1;
				DEVELOPMENT_TEAM = 88QJ4AUY7L;
				GENERATE_INFOPLIST_FILE = YES;
				MARKETING_VERSION = 1.0;
				PRODUCT_BUNDLE_IDENTIFIER = "vn.edfore.Office-WorkerUITests";
				PRODUCT_NAME = "$(TARGET_NAME)";
				SWIFT_EMIT_LOC_STRINGS = NO;
				SWIFT_VERSION = 5.0;
				TARGETED_DEVICE_FAMILY = "1,2";
				TEST_TARGET_NAME = "Office-Worker";
			};
			name = Debug;
		};
		D40CD50D2A4197B4007976C5 /* Release */ = {
			isa = XCBuildConfiguration;
			buildSettings = {
				ALWAYS_EMBED_SWIFT_STANDARD_LIBRARIES = YES;
				CODE_SIGN_STYLE = Automatic;
				CURRENT_PROJECT_VERSION = 1;
				DEVELOPMENT_TEAM = 88QJ4AUY7L;
				GENERATE_INFOPLIST_FILE = YES;
				MARKETING_VERSION = 1.0;
				PRODUCT_BUNDLE_IDENTIFIER = "vn.edfore.Office-WorkerUITests";
				PRODUCT_NAME = "$(TARGET_NAME)";
				SWIFT_EMIT_LOC_STRINGS = NO;
				SWIFT_VERSION = 5.0;
				TARGETED_DEVICE_FAMILY = "1,2";
				TEST_TARGET_NAME = "Office-Worker";
			};
			name = Release;
		};
/* End XCBuildConfiguration section */

/* Begin XCConfigurationList section */
		D40CD4D32A4197B2007976C5 /* Build configuration list for PBXProject "Office-Worker" */ = {
			isa = XCConfigurationList;
			buildConfigurations = (
				D40CD5032A4197B4007976C5 /* Debug */,
				D40CD5042A4197B4007976C5 /* Release */,
			);
			defaultConfigurationIsVisible = 0;
			defaultConfigurationName = Release;
		};
		D40CD5052A4197B4007976C5 /* Build configuration list for PBXNativeTarget "Office-Worker" */ = {
			isa = XCConfigurationList;
			buildConfigurations = (
				D40CD5062A4197B4007976C5 /* Debug */,
				D40CD5072A4197B4007976C5 /* Release */,
			);
			defaultConfigurationIsVisible = 0;
			defaultConfigurationName = Release;
		};
		D40CD5082A4197B4007976C5 /* Build configuration list for PBXNativeTarget "Office-WorkerTests" */ = {
			isa = XCConfigurationList;
			buildConfigurations = (
				D40CD5092A4197B4007976C5 /* Debug */,
				D40CD50A2A4197B4007976C5 /* Release */,
			);
			defaultConfigurationIsVisible = 0;
			defaultConfigurationName = Release;
		};
		D40CD50B2A4197B4007976C5 /* Build configuration list for PBXNativeTarget "Office-WorkerUITests" */ = {
			isa = XCConfigurationList;
			buildConfigurations = (
				D40CD50C2A4197B4007976C5 /* Debug */,
				D40CD50D2A4197B4007976C5 /* Release */,
			);
			defaultConfigurationIsVisible = 0;
			defaultConfigurationName = Release;
		};
/* End XCConfigurationList section */

/* Begin XCVersionGroup section */
		D40CD4E42A4197B2007976C5 /* Office_Worker.xcdatamodeld */ = {
			isa = XCVersionGroup;
			children = (
				D40CD4E52A4197B2007976C5 /* Office_Worker.xcdatamodel */,
			);
			currentVersion = D40CD4E52A4197B2007976C5 /* Office_Worker.xcdatamodel */;
			path = Office_Worker.xcdatamodeld;
			sourceTree = "<group>";
			versionGroupType = wrapper.xcdatamodel;
		};
/* End XCVersionGroup section */
	};
	rootObject = D40CD4D02A4197B2007976C5 /* Project object */;
}
